// !$*UTF8*$!
{
	archiveVersion = 1;
	classes = {
	};
	objectVersion = 48;
	objects = {

/* Begin PBXBuildFile section */
		409D5989823DA9C78B197CA9 /* Pods_AppStoreCloneUITests.framework in Frameworks */ = {isa = PBXBuildFile; fileRef = E5F63E8A117D68F0CB0189A5 /* Pods_AppStoreCloneUITests.framework */; };
		40F5B02DC81C515FDE2FC841 /* Pods_AppStoreClone.framework in Frameworks */ = {isa = PBXBuildFile; fileRef = 065533D0BE03B7C525F1EAEC /* Pods_AppStoreClone.framework */; };
		9944881AE8ACE4F9928E3F73 /* Pods_AppStoreCloneTests.framework in Frameworks */ = {isa = PBXBuildFile; fileRef = 60CDEFA2AB33B888045D2DAD /* Pods_AppStoreCloneTests.framework */; };
		F42954C220432C4E0038FB0B /* AppDelegate.swift in Sources */ = {isa = PBXBuildFile; fileRef = F42954C120432C4E0038FB0B /* AppDelegate.swift */; };
		F42954C420432C4E0038FB0B /* AppViewController.swift in Sources */ = {isa = PBXBuildFile; fileRef = F42954C320432C4E0038FB0B /* AppViewController.swift */; };
		F42954C620432C4E0038FB0B /* UpdateViewController.swift in Sources */ = {isa = PBXBuildFile; fileRef = F42954C520432C4E0038FB0B /* UpdateViewController.swift */; };
		F42954CB20432C4E0038FB0B /* Assets.xcassets in Resources */ = {isa = PBXBuildFile; fileRef = F42954CA20432C4E0038FB0B /* Assets.xcassets */; };
		F42954CE20432C4E0038FB0B /* LaunchScreen.storyboard in Resources */ = {isa = PBXBuildFile; fileRef = F42954CC20432C4E0038FB0B /* LaunchScreen.storyboard */; };
		F42954D920432C4E0038FB0B /* AppStoreCloneTests.swift in Sources */ = {isa = PBXBuildFile; fileRef = F42954D820432C4E0038FB0B /* AppStoreCloneTests.swift */; };
		F42954E420432C4E0038FB0B /* AppStoreCloneUITests.swift in Sources */ = {isa = PBXBuildFile; fileRef = F42954E320432C4E0038FB0B /* AppStoreCloneUITests.swift */; };
		F461C83E2044B67B003679D4 /* RxSwift.framework in Frameworks */ = {isa = PBXBuildFile; fileRef = F461C83A2044B67B003679D4 /* RxSwift.framework */; };
		F461C8402044B67B003679D4 /* RxCocoa.framework in Frameworks */ = {isa = PBXBuildFile; fileRef = F461C83C2044B67B003679D4 /* RxCocoa.framework */; };
		F461C8412044B67B003679D4 /* RxOptional.framework in Frameworks */ = {isa = PBXBuildFile; fileRef = F461C83D2044B67B003679D4 /* RxOptional.framework */; };
		F461C8432044B694003679D4 /* RxDataSources.framework in Frameworks */ = {isa = PBXBuildFile; fileRef = F461C8422044B694003679D4 /* RxDataSources.framework */; };
		F461C8462044B83C003679D4 /* Differentiator.framework in Frameworks */ = {isa = PBXBuildFile; fileRef = F461C8452044B83C003679D4 /* Differentiator.framework */; };
		F4A9A16520546AC300FAFEEF /* AppRootViewController.swift in Sources */ = {isa = PBXBuildFile; fileRef = F4A9A16420546AC300FAFEEF /* AppRootViewController.swift */; };
		F4A9A16720546D0D00FAFEEF /* TabBarController.swift in Sources */ = {isa = PBXBuildFile; fileRef = F4A9A16620546D0D00FAFEEF /* TabBarController.swift */; };
		F4A9A1692054704800FAFEEF /* TodayViewController.swift in Sources */ = {isa = PBXBuildFile; fileRef = F4A9A1682054704800FAFEEF /* TodayViewController.swift */; };
		F4A9A16B2054706400FAFEEF /* GameViewController.swift in Sources */ = {isa = PBXBuildFile; fileRef = F4A9A16A2054706400FAFEEF /* GameViewController.swift */; };
		F4A9A16E2054714300FAFEEF /* SearchViewController.swift in Sources */ = {isa = PBXBuildFile; fileRef = F4A9A16D2054714300FAFEEF /* SearchViewController.swift */; };
		F4A9A1702054792500FAFEEF /* R.generated.swift in Sources */ = {isa = PBXBuildFile; fileRef = F4A9A16F2054792500FAFEEF /* R.generated.swift */; };
		F4A9A17520547B7300FAFEEF /* UpdateCell.swift in Sources */ = {isa = PBXBuildFile; fileRef = F4A9A17320547B7300FAFEEF /* UpdateCell.swift */; };
		F4A9A17620547B7300FAFEEF /* UpdateCell.xib in Resources */ = {isa = PBXBuildFile; fileRef = F4A9A17420547B7300FAFEEF /* UpdateCell.xib */; };
		F4E3927D205843E100BFFAC9 /* UpdateSectionHeaderView.swift in Sources */ = {isa = PBXBuildFile; fileRef = F4E3927C205843E100BFFAC9 /* UpdateSectionHeaderView.swift */; };
/* End PBXBuildFile section */

/* Begin PBXContainerItemProxy section */
		F42954D520432C4E0038FB0B /* PBXContainerItemProxy */ = {
			isa = PBXContainerItemProxy;
			containerPortal = F42954B620432C4E0038FB0B /* Project object */;
			proxyType = 1;
			remoteGlobalIDString = F42954BD20432C4E0038FB0B;
			remoteInfo = AppStoreClone;
		};
		F42954E020432C4E0038FB0B /* PBXContainerItemProxy */ = {
			isa = PBXContainerItemProxy;
			containerPortal = F42954B620432C4E0038FB0B /* Project object */;
			proxyType = 1;
			remoteGlobalIDString = F42954BD20432C4E0038FB0B;
			remoteInfo = AppStoreClone;
		};
/* End PBXContainerItemProxy section */

/* Begin PBXFileReference section */
		065533D0BE03B7C525F1EAEC /* Pods_AppStoreClone.framework */ = {isa = PBXFileReference; explicitFileType = wrapper.framework; includeInIndex = 0; path = Pods_AppStoreClone.framework; sourceTree = BUILT_PRODUCTS_DIR; };
		4272E713664D9C2DE98B27EB /* Pods-AppStoreClone.debug.xcconfig */ = {isa = PBXFileReference; includeInIndex = 1; lastKnownFileType = text.xcconfig; name = "Pods-AppStoreClone.debug.xcconfig"; path = "Pods/Target Support Files/Pods-AppStoreClone/Pods-AppStoreClone.debug.xcconfig"; sourceTree = "<group>"; };
		60CDEFA2AB33B888045D2DAD /* Pods_AppStoreCloneTests.framework */ = {isa = PBXFileReference; explicitFileType = wrapper.framework; includeInIndex = 0; path = Pods_AppStoreCloneTests.framework; sourceTree = BUILT_PRODUCTS_DIR; };
		A4BC18F4EB91C71536A99D94 /* Pods-AppStoreCloneUITests.debug.xcconfig */ = {isa = PBXFileReference; includeInIndex = 1; lastKnownFileType = text.xcconfig; name = "Pods-AppStoreCloneUITests.debug.xcconfig"; path = "Pods/Target Support Files/Pods-AppStoreCloneUITests/Pods-AppStoreCloneUITests.debug.xcconfig"; sourceTree = "<group>"; };
		C98F3E0C40DDA13F52A9E3D3 /* Pods-AppStoreCloneTests.debug.xcconfig */ = {isa = PBXFileReference; includeInIndex = 1; lastKnownFileType = text.xcconfig; name = "Pods-AppStoreCloneTests.debug.xcconfig"; path = "Pods/Target Support Files/Pods-AppStoreCloneTests/Pods-AppStoreCloneTests.debug.xcconfig"; sourceTree = "<group>"; };
		D85C25F001A700F65E058861 /* Pods-AppStoreCloneUITests.release.xcconfig */ = {isa = PBXFileReference; includeInIndex = 1; lastKnownFileType = text.xcconfig; name = "Pods-AppStoreCloneUITests.release.xcconfig"; path = "Pods/Target Support Files/Pods-AppStoreCloneUITests/Pods-AppStoreCloneUITests.release.xcconfig"; sourceTree = "<group>"; };
		E5F63E8A117D68F0CB0189A5 /* Pods_AppStoreCloneUITests.framework */ = {isa = PBXFileReference; explicitFileType = wrapper.framework; includeInIndex = 0; path = Pods_AppStoreCloneUITests.framework; sourceTree = BUILT_PRODUCTS_DIR; };
		E80B152B4C641EBB91196E0C /* Pods-AppStoreClone.release.xcconfig */ = {isa = PBXFileReference; includeInIndex = 1; lastKnownFileType = text.xcconfig; name = "Pods-AppStoreClone.release.xcconfig"; path = "Pods/Target Support Files/Pods-AppStoreClone/Pods-AppStoreClone.release.xcconfig"; sourceTree = "<group>"; };
		EB53595D68877A0402E955CF /* Pods-AppStoreCloneTests.release.xcconfig */ = {isa = PBXFileReference; includeInIndex = 1; lastKnownFileType = text.xcconfig; name = "Pods-AppStoreCloneTests.release.xcconfig"; path = "Pods/Target Support Files/Pods-AppStoreCloneTests/Pods-AppStoreCloneTests.release.xcconfig"; sourceTree = "<group>"; };
		F42954BE20432C4E0038FB0B /* AppStoreClone.app */ = {isa = PBXFileReference; explicitFileType = wrapper.application; includeInIndex = 0; path = AppStoreClone.app; sourceTree = BUILT_PRODUCTS_DIR; };
		F42954C120432C4E0038FB0B /* AppDelegate.swift */ = {isa = PBXFileReference; lastKnownFileType = sourcecode.swift; path = AppDelegate.swift; sourceTree = "<group>"; };
		F42954C320432C4E0038FB0B /* AppViewController.swift */ = {isa = PBXFileReference; lastKnownFileType = sourcecode.swift; path = AppViewController.swift; sourceTree = "<group>"; };
		F42954C520432C4E0038FB0B /* UpdateViewController.swift */ = {isa = PBXFileReference; lastKnownFileType = sourcecode.swift; path = UpdateViewController.swift; sourceTree = "<group>"; };
		F42954CA20432C4E0038FB0B /* Assets.xcassets */ = {isa = PBXFileReference; lastKnownFileType = folder.assetcatalog; path = Assets.xcassets; sourceTree = "<group>"; };
		F42954CD20432C4E0038FB0B /* Base */ = {isa = PBXFileReference; lastKnownFileType = file.storyboard; name = Base; path = Base.lproj/LaunchScreen.storyboard; sourceTree = "<group>"; };
		F42954CF20432C4E0038FB0B /* Info.plist */ = {isa = PBXFileReference; lastKnownFileType = text.plist.xml; path = Info.plist; sourceTree = "<group>"; };
		F42954D420432C4E0038FB0B /* AppStoreCloneTests.xctest */ = {isa = PBXFileReference; explicitFileType = wrapper.cfbundle; includeInIndex = 0; path = AppStoreCloneTests.xctest; sourceTree = BUILT_PRODUCTS_DIR; };
		F42954D820432C4E0038FB0B /* AppStoreCloneTests.swift */ = {isa = PBXFileReference; lastKnownFileType = sourcecode.swift; path = AppStoreCloneTests.swift; sourceTree = "<group>"; };
		F42954DA20432C4E0038FB0B /* Info.plist */ = {isa = PBXFileReference; lastKnownFileType = text.plist.xml; path = Info.plist; sourceTree = "<group>"; };
		F42954DF20432C4E0038FB0B /* AppStoreCloneUITests.xctest */ = {isa = PBXFileReference; explicitFileType = wrapper.cfbundle; includeInIndex = 0; path = AppStoreCloneUITests.xctest; sourceTree = BUILT_PRODUCTS_DIR; };
		F42954E320432C4E0038FB0B /* AppStoreCloneUITests.swift */ = {isa = PBXFileReference; lastKnownFileType = sourcecode.swift; path = AppStoreCloneUITests.swift; sourceTree = "<group>"; };
		F42954E520432C4E0038FB0B /* Info.plist */ = {isa = PBXFileReference; lastKnownFileType = text.plist.xml; path = Info.plist; sourceTree = "<group>"; };
		F461C83A2044B67B003679D4 /* RxSwift.framework */ = {isa = PBXFileReference; lastKnownFileType = wrapper.framework; name = RxSwift.framework; path = Carthage/Build/iOS/RxSwift.framework; sourceTree = "<group>"; };
		F461C83B2044B67B003679D4 /* RxDataSources.framework.dSYM */ = {isa = PBXFileReference; lastKnownFileType = wrapper.dsym; name = RxDataSources.framework.dSYM; path = Carthage/Build/iOS/RxDataSources.framework.dSYM; sourceTree = "<group>"; };
		F461C83C2044B67B003679D4 /* RxCocoa.framework */ = {isa = PBXFileReference; lastKnownFileType = wrapper.framework; name = RxCocoa.framework; path = Carthage/Build/iOS/RxCocoa.framework; sourceTree = "<group>"; };
		F461C83D2044B67B003679D4 /* RxOptional.framework */ = {isa = PBXFileReference; lastKnownFileType = wrapper.framework; name = RxOptional.framework; path = Carthage/Build/iOS/RxOptional.framework; sourceTree = "<group>"; };
		F461C8422044B694003679D4 /* RxDataSources.framework */ = {isa = PBXFileReference; lastKnownFileType = wrapper.framework; name = RxDataSources.framework; path = Carthage/Build/iOS/RxDataSources.framework; sourceTree = "<group>"; };
		F461C8452044B83C003679D4 /* Differentiator.framework */ = {isa = PBXFileReference; lastKnownFileType = wrapper.framework; name = Differentiator.framework; path = Carthage/Build/iOS/Differentiator.framework; sourceTree = "<group>"; };
		F4A9A16420546AC300FAFEEF /* AppRootViewController.swift */ = {isa = PBXFileReference; lastKnownFileType = sourcecode.swift; path = AppRootViewController.swift; sourceTree = "<group>"; };
		F4A9A16620546D0D00FAFEEF /* TabBarController.swift */ = {isa = PBXFileReference; lastKnownFileType = sourcecode.swift; path = TabBarController.swift; sourceTree = "<group>"; };
		F4A9A1682054704800FAFEEF /* TodayViewController.swift */ = {isa = PBXFileReference; lastKnownFileType = sourcecode.swift; path = TodayViewController.swift; sourceTree = "<group>"; };
		F4A9A16A2054706400FAFEEF /* GameViewController.swift */ = {isa = PBXFileReference; lastKnownFileType = sourcecode.swift; path = GameViewController.swift; sourceTree = "<group>"; };
		F4A9A16D2054714300FAFEEF /* SearchViewController.swift */ = {isa = PBXFileReference; lastKnownFileType = sourcecode.swift; path = SearchViewController.swift; sourceTree = "<group>"; };
		F4A9A16F2054792500FAFEEF /* R.generated.swift */ = {isa = PBXFileReference; fileEncoding = 4; lastKnownFileType = sourcecode.swift; path = R.generated.swift; sourceTree = "<group>"; };
		F4A9A17320547B7300FAFEEF /* UpdateCell.swift */ = {isa = PBXFileReference; lastKnownFileType = sourcecode.swift; path = UpdateCell.swift; sourceTree = "<group>"; };
		F4A9A17420547B7300FAFEEF /* UpdateCell.xib */ = {isa = PBXFileReference; lastKnownFileType = file.xib; path = UpdateCell.xib; sourceTree = "<group>"; };
		F4E3927C205843E100BFFAC9 /* UpdateSectionHeaderView.swift */ = {isa = PBXFileReference; lastKnownFileType = sourcecode.swift; path = UpdateSectionHeaderView.swift; sourceTree = "<group>"; };
/* End PBXFileReference section */

/* Begin PBXFrameworksBuildPhase section */
		F42954BB20432C4E0038FB0B /* Frameworks */ = {
			isa = PBXFrameworksBuildPhase;
			buildActionMask = 2147483647;
			files = (
				F461C8462044B83C003679D4 /* Differentiator.framework in Frameworks */,
				F461C83E2044B67B003679D4 /* RxSwift.framework in Frameworks */,
				F461C8402044B67B003679D4 /* RxCocoa.framework in Frameworks */,
				F461C8412044B67B003679D4 /* RxOptional.framework in Frameworks */,
				F461C8432044B694003679D4 /* RxDataSources.framework in Frameworks */,
				40F5B02DC81C515FDE2FC841 /* Pods_AppStoreClone.framework in Frameworks */,
			);
			runOnlyForDeploymentPostprocessing = 0;
		};
		F42954D120432C4E0038FB0B /* Frameworks */ = {
			isa = PBXFrameworksBuildPhase;
			buildActionMask = 2147483647;
			files = (
				9944881AE8ACE4F9928E3F73 /* Pods_AppStoreCloneTests.framework in Frameworks */,
			);
			runOnlyForDeploymentPostprocessing = 0;
		};
		F42954DC20432C4E0038FB0B /* Frameworks */ = {
			isa = PBXFrameworksBuildPhase;
			buildActionMask = 2147483647;
			files = (
				409D5989823DA9C78B197CA9 /* Pods_AppStoreCloneUITests.framework in Frameworks */,
			);
			runOnlyForDeploymentPostprocessing = 0;
		};
/* End PBXFrameworksBuildPhase section */

/* Begin PBXGroup section */
		CC4D2A4CCB4531942F654A92 /* Pods */ = {
			isa = PBXGroup;
			children = (
				4272E713664D9C2DE98B27EB /* Pods-AppStoreClone.debug.xcconfig */,
				E80B152B4C641EBB91196E0C /* Pods-AppStoreClone.release.xcconfig */,
				C98F3E0C40DDA13F52A9E3D3 /* Pods-AppStoreCloneTests.debug.xcconfig */,
				EB53595D68877A0402E955CF /* Pods-AppStoreCloneTests.release.xcconfig */,
				A4BC18F4EB91C71536A99D94 /* Pods-AppStoreCloneUITests.debug.xcconfig */,
				D85C25F001A700F65E058861 /* Pods-AppStoreCloneUITests.release.xcconfig */,
			);
			name = Pods;
			sourceTree = "<group>";
		};
		F42954B520432C4E0038FB0B = {
			isa = PBXGroup;
			children = (
				F4A9A16F2054792500FAFEEF /* R.generated.swift */,
				F42954C020432C4E0038FB0B /* AppStoreClone */,
				F42954D720432C4E0038FB0B /* AppStoreCloneTests */,
				F42954E220432C4E0038FB0B /* AppStoreCloneUITests */,
				F42954BF20432C4E0038FB0B /* Products */,
				F461C8392044B67A003679D4 /* Frameworks */,
				CC4D2A4CCB4531942F654A92 /* Pods */,
			);
			sourceTree = "<group>";
		};
		F42954BF20432C4E0038FB0B /* Products */ = {
			isa = PBXGroup;
			children = (
				F42954BE20432C4E0038FB0B /* AppStoreClone.app */,
				F42954D420432C4E0038FB0B /* AppStoreCloneTests.xctest */,
				F42954DF20432C4E0038FB0B /* AppStoreCloneUITests.xctest */,
			);
			name = Products;
			sourceTree = "<group>";
		};
		F42954C020432C4E0038FB0B /* AppStoreClone */ = {
			isa = PBXGroup;
			children = (
				F42954C120432C4E0038FB0B /* AppDelegate.swift */,
				F4A9A16420546AC300FAFEEF /* AppRootViewController.swift */,
				F4A9A16620546D0D00FAFEEF /* TabBarController.swift */,
				F4A9A16C205470A700FAFEEF /* ViewController */,
				F42954CA20432C4E0038FB0B /* Assets.xcassets */,
				F42954CC20432C4E0038FB0B /* LaunchScreen.storyboard */,
				F42954CF20432C4E0038FB0B /* Info.plist */,
			);
			path = AppStoreClone;
			sourceTree = "<group>";
		};
		F42954D720432C4E0038FB0B /* AppStoreCloneTests */ = {
			isa = PBXGroup;
			children = (
				F42954D820432C4E0038FB0B /* AppStoreCloneTests.swift */,
				F42954DA20432C4E0038FB0B /* Info.plist */,
			);
			path = AppStoreCloneTests;
			sourceTree = "<group>";
		};
		F42954E220432C4E0038FB0B /* AppStoreCloneUITests */ = {
			isa = PBXGroup;
			children = (
				F42954E320432C4E0038FB0B /* AppStoreCloneUITests.swift */,
				F42954E520432C4E0038FB0B /* Info.plist */,
			);
			path = AppStoreCloneUITests;
			sourceTree = "<group>";
		};
		F461C8392044B67A003679D4 /* Frameworks */ = {
			isa = PBXGroup;
			children = (
				F461C8452044B83C003679D4 /* Differentiator.framework */,
				F461C8422044B694003679D4 /* RxDataSources.framework */,
				F461C83C2044B67B003679D4 /* RxCocoa.framework */,
				F461C83B2044B67B003679D4 /* RxDataSources.framework.dSYM */,
				F461C83D2044B67B003679D4 /* RxOptional.framework */,
				F461C83A2044B67B003679D4 /* RxSwift.framework */,
				065533D0BE03B7C525F1EAEC /* Pods_AppStoreClone.framework */,
				60CDEFA2AB33B888045D2DAD /* Pods_AppStoreCloneTests.framework */,
				E5F63E8A117D68F0CB0189A5 /* Pods_AppStoreCloneUITests.framework */,
			);
			name = Frameworks;
			sourceTree = "<group>";
		};
		F4A9A16C205470A700FAFEEF /* ViewController */ = {
			isa = PBXGroup;
			children = (
				F4A9A1682054704800FAFEEF /* TodayViewController.swift */,
				F4A9A16A2054706400FAFEEF /* GameViewController.swift */,
				F42954C320432C4E0038FB0B /* AppViewController.swift */,
				F42954C520432C4E0038FB0B /* UpdateViewController.swift */,
				F4A9A16D2054714300FAFEEF /* SearchViewController.swift */,
				F4A9A17720547B7B00FAFEEF /* Cell */,
			);
			path = ViewController;
			sourceTree = "<group>";
		};
		F4A9A17720547B7B00FAFEEF /* Cell */ = {
			isa = PBXGroup;
			children = (
				F4A9A17320547B7300FAFEEF /* UpdateCell.swift */,
				F4A9A17420547B7300FAFEEF /* UpdateCell.xib */,
				F4E3927C205843E100BFFAC9 /* UpdateSectionHeaderView.swift */,
			);
			path = Cell;
			sourceTree = "<group>";
		};
/* End PBXGroup section */

/* Begin PBXNativeTarget section */
		F42954BD20432C4E0038FB0B /* AppStoreClone */ = {
			isa = PBXNativeTarget;
			buildConfigurationList = F42954E820432C4E0038FB0B /* Build configuration list for PBXNativeTarget "AppStoreClone" */;
			buildPhases = (
				B6475A0BB9E3D20BDF136E89 /* [CP] Check Pods Manifest.lock */,
				F4A9A1632054691500FAFEEF /* R.swift */,
				F42954BA20432C4E0038FB0B /* Sources */,
				F42954BB20432C4E0038FB0B /* Frameworks */,
				F42954BC20432C4E0038FB0B /* Resources */,
				F461C8442044B72D003679D4 /* ShellScript */,
				19B7841C54C0514CCAB59EA0 /* [CP] Embed Pods Frameworks */,
				AF03DDF1FF78913AFB18AC19 /* [CP] Copy Pods Resources */,
			);
			buildRules = (
			);
			dependencies = (
			);
			name = AppStoreClone;
			productName = AppStoreClone;
			productReference = F42954BE20432C4E0038FB0B /* AppStoreClone.app */;
			productType = "com.apple.product-type.application";
		};
		F42954D320432C4E0038FB0B /* AppStoreCloneTests */ = {
			isa = PBXNativeTarget;
			buildConfigurationList = F42954EB20432C4E0038FB0B /* Build configuration list for PBXNativeTarget "AppStoreCloneTests" */;
			buildPhases = (
				6727F977E32D9596BDE01F43 /* [CP] Check Pods Manifest.lock */,
				F42954D020432C4E0038FB0B /* Sources */,
				F42954D120432C4E0038FB0B /* Frameworks */,
				F42954D220432C4E0038FB0B /* Resources */,
				B43DA78766139B618F3378B4 /* [CP] Embed Pods Frameworks */,
				A055A5399D50CFC37E69B5F5 /* [CP] Copy Pods Resources */,
			);
			buildRules = (
			);
			dependencies = (
				F42954D620432C4E0038FB0B /* PBXTargetDependency */,
			);
			name = AppStoreCloneTests;
			productName = AppStoreCloneTests;
			productReference = F42954D420432C4E0038FB0B /* AppStoreCloneTests.xctest */;
			productType = "com.apple.product-type.bundle.unit-test";
		};
		F42954DE20432C4E0038FB0B /* AppStoreCloneUITests */ = {
			isa = PBXNativeTarget;
			buildConfigurationList = F42954EE20432C4E0038FB0B /* Build configuration list for PBXNativeTarget "AppStoreCloneUITests" */;
			buildPhases = (
				D4A13284B4BB71A029BBB51F /* [CP] Check Pods Manifest.lock */,
				F42954DB20432C4E0038FB0B /* Sources */,
				F42954DC20432C4E0038FB0B /* Frameworks */,
				F42954DD20432C4E0038FB0B /* Resources */,
				4A12C19F3744752C38166764 /* [CP] Embed Pods Frameworks */,
				2F1980E9DC8EE2613A1936A5 /* [CP] Copy Pods Resources */,
			);
			buildRules = (
			);
			dependencies = (
				F42954E120432C4E0038FB0B /* PBXTargetDependency */,
			);
			name = AppStoreCloneUITests;
			productName = AppStoreCloneUITests;
			productReference = F42954DF20432C4E0038FB0B /* AppStoreCloneUITests.xctest */;
			productType = "com.apple.product-type.bundle.ui-testing";
		};
/* End PBXNativeTarget section */

/* Begin PBXProject section */
		F42954B620432C4E0038FB0B /* Project object */ = {
			isa = PBXProject;
			attributes = {
				LastSwiftUpdateCheck = 0920;
				LastUpgradeCheck = 0920;
				ORGANIZATIONNAME = "sy-hash";
				TargetAttributes = {
					F42954BD20432C4E0038FB0B = {
						CreatedOnToolsVersion = 9.2;
						ProvisioningStyle = Automatic;
					};
					F42954D320432C4E0038FB0B = {
						CreatedOnToolsVersion = 9.2;
						ProvisioningStyle = Automatic;
						TestTargetID = F42954BD20432C4E0038FB0B;
					};
					F42954DE20432C4E0038FB0B = {
						CreatedOnToolsVersion = 9.2;
						ProvisioningStyle = Automatic;
						TestTargetID = F42954BD20432C4E0038FB0B;
					};
				};
			};
			buildConfigurationList = F42954B920432C4E0038FB0B /* Build configuration list for PBXProject "AppStoreClone" */;
			compatibilityVersion = "Xcode 8.0";
			developmentRegion = en;
			hasScannedForEncodings = 0;
			knownRegions = (
				en,
				Base,
			);
			mainGroup = F42954B520432C4E0038FB0B;
			productRefGroup = F42954BF20432C4E0038FB0B /* Products */;
			projectDirPath = "";
			projectRoot = "";
			targets = (
				F42954BD20432C4E0038FB0B /* AppStoreClone */,
				F42954D320432C4E0038FB0B /* AppStoreCloneTests */,
				F42954DE20432C4E0038FB0B /* AppStoreCloneUITests */,
			);
		};
/* End PBXProject section */

/* Begin PBXResourcesBuildPhase section */
		F42954BC20432C4E0038FB0B /* Resources */ = {
			isa = PBXResourcesBuildPhase;
			buildActionMask = 2147483647;
			files = (
				F4A9A17620547B7300FAFEEF /* UpdateCell.xib in Resources */,
				F42954CE20432C4E0038FB0B /* LaunchScreen.storyboard in Resources */,
				F42954CB20432C4E0038FB0B /* Assets.xcassets in Resources */,
			);
			runOnlyForDeploymentPostprocessing = 0;
		};
		F42954D220432C4E0038FB0B /* Resources */ = {
			isa = PBXResourcesBuildPhase;
			buildActionMask = 2147483647;
			files = (
			);
			runOnlyForDeploymentPostprocessing = 0;
		};
		F42954DD20432C4E0038FB0B /* Resources */ = {
			isa = PBXResourcesBuildPhase;
			buildActionMask = 2147483647;
			files = (
			);
			runOnlyForDeploymentPostprocessing = 0;
		};
/* End PBXResourcesBuildPhase section */

/* Begin PBXShellScriptBuildPhase section */
		19B7841C54C0514CCAB59EA0 /* [CP] Embed Pods Frameworks */ = {
			isa = PBXShellScriptBuildPhase;
			buildActionMask = 2147483647;
			files = (
			);
			inputPaths = (
				"${SRCROOT}/Pods/Target Support Files/Pods-AppStoreClone/Pods-AppStoreClone-frameworks.sh",
				"${BUILT_PRODUCTS_DIR}/R.swift.Library/Rswift.framework",
			);
			name = "[CP] Embed Pods Frameworks";
			outputPaths = (
				"${TARGET_BUILD_DIR}/${FRAMEWORKS_FOLDER_PATH}/Rswift.framework",
			);
			runOnlyForDeploymentPostprocessing = 0;
			shellPath = /bin/sh;
			shellScript = "\"${SRCROOT}/Pods/Target Support Files/Pods-AppStoreClone/Pods-AppStoreClone-frameworks.sh\"\n";
			showEnvVarsInLog = 0;
		};
		2F1980E9DC8EE2613A1936A5 /* [CP] Copy Pods Resources */ = {
			isa = PBXShellScriptBuildPhase;
			buildActionMask = 2147483647;
			files = (
			);
			inputPaths = (
			);
			name = "[CP] Copy Pods Resources";
			outputPaths = (
			);
			runOnlyForDeploymentPostprocessing = 0;
			shellPath = /bin/sh;
			shellScript = "\"${SRCROOT}/Pods/Target Support Files/Pods-AppStoreCloneUITests/Pods-AppStoreCloneUITests-resources.sh\"\n";
			showEnvVarsInLog = 0;
		};
		4A12C19F3744752C38166764 /* [CP] Embed Pods Frameworks */ = {
			isa = PBXShellScriptBuildPhase;
			buildActionMask = 2147483647;
			files = (
			);
			inputPaths = (
			);
			name = "[CP] Embed Pods Frameworks";
			outputPaths = (
			);
			runOnlyForDeploymentPostprocessing = 0;
			shellPath = /bin/sh;
			shellScript = "\"${SRCROOT}/Pods/Target Support Files/Pods-AppStoreCloneUITests/Pods-AppStoreCloneUITests-frameworks.sh\"\n";
			showEnvVarsInLog = 0;
		};
		6727F977E32D9596BDE01F43 /* [CP] Check Pods Manifest.lock */ = {
			isa = PBXShellScriptBuildPhase;
			buildActionMask = 2147483647;
			files = (
			);
			inputPaths = (
				"${PODS_PODFILE_DIR_PATH}/Podfile.lock",
				"${PODS_ROOT}/Manifest.lock",
			);
			name = "[CP] Check Pods Manifest.lock";
			outputPaths = (
				"$(DERIVED_FILE_DIR)/Pods-AppStoreCloneTests-checkManifestLockResult.txt",
			);
			runOnlyForDeploymentPostprocessing = 0;
			shellPath = /bin/sh;
			shellScript = "diff \"${PODS_PODFILE_DIR_PATH}/Podfile.lock\" \"${PODS_ROOT}/Manifest.lock\" > /dev/null\nif [ $? != 0 ] ; then\n    # print error to STDERR\n    echo \"error: The sandbox is not in sync with the Podfile.lock. Run 'pod install' or update your CocoaPods installation.\" >&2\n    exit 1\nfi\n# This output is used by Xcode 'outputs' to avoid re-running this script phase.\necho \"SUCCESS\" > \"${SCRIPT_OUTPUT_FILE_0}\"\n";
			showEnvVarsInLog = 0;
		};
		A055A5399D50CFC37E69B5F5 /* [CP] Copy Pods Resources */ = {
			isa = PBXShellScriptBuildPhase;
			buildActionMask = 2147483647;
			files = (
			);
			inputPaths = (
			);
			name = "[CP] Copy Pods Resources";
			outputPaths = (
			);
			runOnlyForDeploymentPostprocessing = 0;
			shellPath = /bin/sh;
			shellScript = "\"${SRCROOT}/Pods/Target Support Files/Pods-AppStoreCloneTests/Pods-AppStoreCloneTests-resources.sh\"\n";
			showEnvVarsInLog = 0;
		};
		AF03DDF1FF78913AFB18AC19 /* [CP] Copy Pods Resources */ = {
			isa = PBXShellScriptBuildPhase;
			buildActionMask = 2147483647;
			files = (
			);
			inputPaths = (
			);
			name = "[CP] Copy Pods Resources";
			outputPaths = (
			);
			runOnlyForDeploymentPostprocessing = 0;
			shellPath = /bin/sh;
			shellScript = "\"${SRCROOT}/Pods/Target Support Files/Pods-AppStoreClone/Pods-AppStoreClone-resources.sh\"\n";
			showEnvVarsInLog = 0;
		};
		B43DA78766139B618F3378B4 /* [CP] Embed Pods Frameworks */ = {
			isa = PBXShellScriptBuildPhase;
			buildActionMask = 2147483647;
			files = (
			);
			inputPaths = (
			);
			name = "[CP] Embed Pods Frameworks";
			outputPaths = (
			);
			runOnlyForDeploymentPostprocessing = 0;
			shellPath = /bin/sh;
			shellScript = "\"${SRCROOT}/Pods/Target Support Files/Pods-AppStoreCloneTests/Pods-AppStoreCloneTests-frameworks.sh\"\n";
			showEnvVarsInLog = 0;
		};
		B6475A0BB9E3D20BDF136E89 /* [CP] Check Pods Manifest.lock */ = {
			isa = PBXShellScriptBuildPhase;
			buildActionMask = 2147483647;
			files = (
			);
			inputPaths = (
				"${PODS_PODFILE_DIR_PATH}/Podfile.lock",
				"${PODS_ROOT}/Manifest.lock",
			);
			name = "[CP] Check Pods Manifest.lock";
			outputPaths = (
				"$(DERIVED_FILE_DIR)/Pods-AppStoreClone-checkManifestLockResult.txt",
			);
			runOnlyForDeploymentPostprocessing = 0;
			shellPath = /bin/sh;
			shellScript = "diff \"${PODS_PODFILE_DIR_PATH}/Podfile.lock\" \"${PODS_ROOT}/Manifest.lock\" > /dev/null\nif [ $? != 0 ] ; then\n    # print error to STDERR\n    echo \"error: The sandbox is not in sync with the Podfile.lock. Run 'pod install' or update your CocoaPods installation.\" >&2\n    exit 1\nfi\n# This output is used by Xcode 'outputs' to avoid re-running this script phase.\necho \"SUCCESS\" > \"${SCRIPT_OUTPUT_FILE_0}\"\n";
			showEnvVarsInLog = 0;
		};
		D4A13284B4BB71A029BBB51F /* [CP] Check Pods Manifest.lock */ = {
			isa = PBXShellScriptBuildPhase;
			buildActionMask = 2147483647;
			files = (
			);
			inputPaths = (
				"${PODS_PODFILE_DIR_PATH}/Podfile.lock",
				"${PODS_ROOT}/Manifest.lock",
			);
			name = "[CP] Check Pods Manifest.lock";
			outputPaths = (
				"$(DERIVED_FILE_DIR)/Pods-AppStoreCloneUITests-checkManifestLockResult.txt",
			);
			runOnlyForDeploymentPostprocessing = 0;
			shellPath = /bin/sh;
			shellScript = "diff \"${PODS_PODFILE_DIR_PATH}/Podfile.lock\" \"${PODS_ROOT}/Manifest.lock\" > /dev/null\nif [ $? != 0 ] ; then\n    # print error to STDERR\n    echo \"error: The sandbox is not in sync with the Podfile.lock. Run 'pod install' or update your CocoaPods installation.\" >&2\n    exit 1\nfi\n# This output is used by Xcode 'outputs' to avoid re-running this script phase.\necho \"SUCCESS\" > \"${SCRIPT_OUTPUT_FILE_0}\"\n";
			showEnvVarsInLog = 0;
		};
		F461C8442044B72D003679D4 /* ShellScript */ = {
			isa = PBXShellScriptBuildPhase;
			buildActionMask = 2147483647;
			files = (
			);
			inputPaths = (
				"$(SRCROOT)/Carthage/Build/iOS/RxSwift.framework",
				"$(SRCROOT)/Carthage/Build/iOS/RxCocoa.framework",
				"$(SRCROOT)/Carthage/Build/iOS/RxOptional.framework",
				"$(SRCROOT)/Carthage/Build/iOS/RxDataSources.framework",
				"$(SRCROOT)/Carthage/Build/iOS/Differentiator.framework",
			);
			outputPaths = (
			);
			runOnlyForDeploymentPostprocessing = 0;
			shellPath = /bin/sh;
			shellScript = "/usr/local/bin/carthage copy-frameworks";
		};
		F4A9A1632054691500FAFEEF /* R.swift */ = {
			isa = PBXShellScriptBuildPhase;
			buildActionMask = 2147483647;
			files = (
			);
			inputPaths = (
			);
			name = R.swift;
			outputPaths = (
			);
			runOnlyForDeploymentPostprocessing = 0;
			shellPath = /bin/sh;
			shellScript = "\"$PODS_ROOT/R.swift/rswift\" generate \"$SRCROOT\"\n";
		};
/* End PBXShellScriptBuildPhase section */

/* Begin PBXSourcesBuildPhase section */
		F42954BA20432C4E0038FB0B /* Sources */ = {
			isa = PBXSourcesBuildPhase;
			buildActionMask = 2147483647;
			files = (
				F42954C620432C4E0038FB0B /* UpdateViewController.swift in Sources */,
				F42954C220432C4E0038FB0B /* AppDelegate.swift in Sources */,
				F4A9A1702054792500FAFEEF /* R.generated.swift in Sources */,
				F4A9A16E2054714300FAFEEF /* SearchViewController.swift in Sources */,
				F4A9A16520546AC300FAFEEF /* AppRootViewController.swift in Sources */,
				F4A9A16B2054706400FAFEEF /* GameViewController.swift in Sources */,
				F4E3927D205843E100BFFAC9 /* UpdateSectionHeaderView.swift in Sources */,
				F4A9A16720546D0D00FAFEEF /* TabBarController.swift in Sources */,
				F4A9A1692054704800FAFEEF /* TodayViewController.swift in Sources */,
				F4A9A17520547B7300FAFEEF /* UpdateCell.swift in Sources */,
				F42954C420432C4E0038FB0B /* AppViewController.swift in Sources */,
			);
			runOnlyForDeploymentPostprocessing = 0;
		};
		F42954D020432C4E0038FB0B /* Sources */ = {
			isa = PBXSourcesBuildPhase;
			buildActionMask = 2147483647;
			files = (
				F42954D920432C4E0038FB0B /* AppStoreCloneTests.swift in Sources */,
			);
			runOnlyForDeploymentPostprocessing = 0;
		};
		F42954DB20432C4E0038FB0B /* Sources */ = {
			isa = PBXSourcesBuildPhase;
			buildActionMask = 2147483647;
			files = (
				F42954E420432C4E0038FB0B /* AppStoreCloneUITests.swift in Sources */,
			);
			runOnlyForDeploymentPostprocessing = 0;
		};
/* End PBXSourcesBuildPhase section */

/* Begin PBXTargetDependency section */
		F42954D620432C4E0038FB0B /* PBXTargetDependency */ = {
			isa = PBXTargetDependency;
			target = F42954BD20432C4E0038FB0B /* AppStoreClone */;
			targetProxy = F42954D520432C4E0038FB0B /* PBXContainerItemProxy */;
		};
		F42954E120432C4E0038FB0B /* PBXTargetDependency */ = {
			isa = PBXTargetDependency;
			target = F42954BD20432C4E0038FB0B /* AppStoreClone */;
			targetProxy = F42954E020432C4E0038FB0B /* PBXContainerItemProxy */;
		};
/* End PBXTargetDependency section */

/* Begin PBXVariantGroup section */
		F42954CC20432C4E0038FB0B /* LaunchScreen.storyboard */ = {
			isa = PBXVariantGroup;
			children = (
				F42954CD20432C4E0038FB0B /* Base */,
			);
			name = LaunchScreen.storyboard;
			sourceTree = "<group>";
		};
/* End PBXVariantGroup section */

/* Begin XCBuildConfiguration section */
		F42954E620432C4E0038FB0B /* Debug */ = {
			isa = XCBuildConfiguration;
			buildSettings = {
				ALWAYS_SEARCH_USER_PATHS = NO;
				CLANG_ANALYZER_NONNULL = YES;
				CLANG_ANALYZER_NUMBER_OBJECT_CONVERSION = YES_AGGRESSIVE;
				CLANG_CXX_LANGUAGE_STANDARD = "gnu++14";
				CLANG_CXX_LIBRARY = "libc++";
				CLANG_ENABLE_MODULES = YES;
				CLANG_ENABLE_OBJC_ARC = YES;
				CLANG_WARN_BLOCK_CAPTURE_AUTORELEASING = YES;
				CLANG_WARN_BOOL_CONVERSION = YES;
				CLANG_WARN_COMMA = YES;
				CLANG_WARN_CONSTANT_CONVERSION = YES;
				CLANG_WARN_DIRECT_OBJC_ISA_USAGE = YES_ERROR;
				CLANG_WARN_DOCUMENTATION_COMMENTS = YES;
				CLANG_WARN_EMPTY_BODY = YES;
				CLANG_WARN_ENUM_CONVERSION = YES;
				CLANG_WARN_INFINITE_RECURSION = YES;
				CLANG_WARN_INT_CONVERSION = YES;
				CLANG_WARN_NON_LITERAL_NULL_CONVERSION = YES;
				CLANG_WARN_OBJC_LITERAL_CONVERSION = YES;
				CLANG_WARN_OBJC_ROOT_CLASS = YES_ERROR;
				CLANG_WARN_RANGE_LOOP_ANALYSIS = YES;
				CLANG_WARN_STRICT_PROTOTYPES = YES;
				CLANG_WARN_SUSPICIOUS_MOVE = YES;
				CLANG_WARN_UNGUARDED_AVAILABILITY = YES_AGGRESSIVE;
				CLANG_WARN_UNREACHABLE_CODE = YES;
				CLANG_WARN__DUPLICATE_METHOD_MATCH = YES;
				CODE_SIGN_IDENTITY = "iPhone Developer";
				COPY_PHASE_STRIP = NO;
				DEBUG_INFORMATION_FORMAT = dwarf;
				ENABLE_STRICT_OBJC_MSGSEND = YES;
				ENABLE_TESTABILITY = YES;
				GCC_C_LANGUAGE_STANDARD = gnu11;
				GCC_DYNAMIC_NO_PIC = NO;
				GCC_NO_COMMON_BLOCKS = YES;
				GCC_OPTIMIZATION_LEVEL = 0;
				GCC_PREPROCESSOR_DEFINITIONS = (
					"DEBUG=1",
					"$(inherited)",
				);
				GCC_WARN_64_TO_32_BIT_CONVERSION = YES;
				GCC_WARN_ABOUT_RETURN_TYPE = YES_ERROR;
				GCC_WARN_UNDECLARED_SELECTOR = YES;
				GCC_WARN_UNINITIALIZED_AUTOS = YES_AGGRESSIVE;
				GCC_WARN_UNUSED_FUNCTION = YES;
				GCC_WARN_UNUSED_VARIABLE = YES;
				IPHONEOS_DEPLOYMENT_TARGET = 11.2;
				MTL_ENABLE_DEBUG_INFO = YES;
				ONLY_ACTIVE_ARCH = YES;
				SDKROOT = iphoneos;
				SWIFT_ACTIVE_COMPILATION_CONDITIONS = DEBUG;
				SWIFT_OPTIMIZATION_LEVEL = "-Onone";
			};
			name = Debug;
		};
		F42954E720432C4E0038FB0B /* Release */ = {
			isa = XCBuildConfiguration;
			buildSettings = {
				ALWAYS_SEARCH_USER_PATHS = NO;
				CLANG_ANALYZER_NONNULL = YES;
				CLANG_ANALYZER_NUMBER_OBJECT_CONVERSION = YES_AGGRESSIVE;
				CLANG_CXX_LANGUAGE_STANDARD = "gnu++14";
				CLANG_CXX_LIBRARY = "libc++";
				CLANG_ENABLE_MODULES = YES;
				CLANG_ENABLE_OBJC_ARC = YES;
				CLANG_WARN_BLOCK_CAPTURE_AUTORELEASING = YES;
				CLANG_WARN_BOOL_CONVERSION = YES;
				CLANG_WARN_COMMA = YES;
				CLANG_WARN_CONSTANT_CONVERSION = YES;
				CLANG_WARN_DIRECT_OBJC_ISA_USAGE = YES_ERROR;
				CLANG_WARN_DOCUMENTATION_COMMENTS = YES;
				CLANG_WARN_EMPTY_BODY = YES;
				CLANG_WARN_ENUM_CONVERSION = YES;
				CLANG_WARN_INFINITE_RECURSION = YES;
				CLANG_WARN_INT_CONVERSION = YES;
				CLANG_WARN_NON_LITERAL_NULL_CONVERSION = YES;
				CLANG_WARN_OBJC_LITERAL_CONVERSION = YES;
				CLANG_WARN_OBJC_ROOT_CLASS = YES_ERROR;
				CLANG_WARN_RANGE_LOOP_ANALYSIS = YES;
				CLANG_WARN_STRICT_PROTOTYPES = YES;
				CLANG_WARN_SUSPICIOUS_MOVE = YES;
				CLANG_WARN_UNGUARDED_AVAILABILITY = YES_AGGRESSIVE;
				CLANG_WARN_UNREACHABLE_CODE = YES;
				CLANG_WARN__DUPLICATE_METHOD_MATCH = YES;
				CODE_SIGN_IDENTITY = "iPhone Developer";
				COPY_PHASE_STRIP = NO;
				DEBUG_INFORMATION_FORMAT = "dwarf-with-dsym";
				ENABLE_NS_ASSERTIONS = NO;
				ENABLE_STRICT_OBJC_MSGSEND = YES;
				GCC_C_LANGUAGE_STANDARD = gnu11;
				GCC_NO_COMMON_BLOCKS = YES;
				GCC_WARN_64_TO_32_BIT_CONVERSION = YES;
				GCC_WARN_ABOUT_RETURN_TYPE = YES_ERROR;
				GCC_WARN_UNDECLARED_SELECTOR = YES;
				GCC_WARN_UNINITIALIZED_AUTOS = YES_AGGRESSIVE;
				GCC_WARN_UNUSED_FUNCTION = YES;
				GCC_WARN_UNUSED_VARIABLE = YES;
				IPHONEOS_DEPLOYMENT_TARGET = 11.2;
				MTL_ENABLE_DEBUG_INFO = NO;
				SDKROOT = iphoneos;
				SWIFT_OPTIMIZATION_LEVEL = "-Owholemodule";
				VALIDATE_PRODUCT = YES;
			};
			name = Release;
		};
		F42954E920432C4E0038FB0B /* Debug */ = {
			isa = XCBuildConfiguration;
			baseConfigurationReference = 4272E713664D9C2DE98B27EB /* Pods-AppStoreClone.debug.xcconfig */;
			buildSettings = {
				ASSETCATALOG_COMPILER_APPICON_NAME = AppIcon;
				CODE_SIGN_STYLE = Automatic;
				DEVELOPMENT_TEAM = 9HA5E37TC3;
				FRAMEWORK_SEARCH_PATHS = (
					"$(inherited)",
					"$(PROJECT_DIR)/Carthage/Build/iOS",
				);
				INFOPLIST_FILE = AppStoreClone/Info.plist;
				LD_RUNPATH_SEARCH_PATHS = "$(inherited) @executable_path/Frameworks";
				PRODUCT_BUNDLE_IDENTIFIER = "com.sy-hash.AppStoreClone";
				PRODUCT_NAME = "$(TARGET_NAME)";
				SWIFT_VERSION = 4.0;
				TARGETED_DEVICE_FAMILY = 1;
			};
			name = Debug;
		};
		F42954EA20432C4E0038FB0B /* Release */ = {
			isa = XCBuildConfiguration;
			baseConfigurationReference = E80B152B4C641EBB91196E0C /* Pods-AppStoreClone.release.xcconfig */;
			buildSettings = {
				ASSETCATALOG_COMPILER_APPICON_NAME = AppIcon;
				CODE_SIGN_STYLE = Automatic;
				DEVELOPMENT_TEAM = 9HA5E37TC3;
				FRAMEWORK_SEARCH_PATHS = (
					"$(inherited)",
					"$(PROJECT_DIR)/Carthage/Build/iOS",
				);
				INFOPLIST_FILE = AppStoreClone/Info.plist;
				LD_RUNPATH_SEARCH_PATHS = "$(inherited) @executable_path/Frameworks";
				PRODUCT_BUNDLE_IDENTIFIER = "com.sy-hash.AppStoreClone";
				PRODUCT_NAME = "$(TARGET_NAME)";
				SWIFT_VERSION = 4.0;
				TARGETED_DEVICE_FAMILY = 1;
			};
			name = Release;
		};
		F42954EC20432C4E0038FB0B /* Debug */ = {
			isa = XCBuildConfiguration;
			baseConfigurationReference = C98F3E0C40DDA13F52A9E3D3 /* Pods-AppStoreCloneTests.debug.xcconfig */;
			buildSettings = {
				ALWAYS_EMBED_SWIFT_STANDARD_LIBRARIES = YES;
				BUNDLE_LOADER = "$(TEST_HOST)";
				CODE_SIGN_STYLE = Automatic;
				DEVELOPMENT_TEAM = 9HA5E37TC3;
				INFOPLIST_FILE = AppStoreCloneTests/Info.plist;
				LD_RUNPATH_SEARCH_PATHS = "$(inherited) @executable_path/Frameworks @loader_path/Frameworks";
				PRODUCT_BUNDLE_IDENTIFIER = "com.sy-hash.AppStoreCloneTests";
				PRODUCT_NAME = "$(TARGET_NAME)";
				SWIFT_VERSION = 4.0;
				TARGETED_DEVICE_FAMILY = "1,2";
				TEST_HOST = "$(BUILT_PRODUCTS_DIR)/AppStoreClone.app/AppStoreClone";
			};
			name = Debug;
		};
		F42954ED20432C4E0038FB0B /* Release */ = {
			isa = XCBuildConfiguration;
			baseConfigurationReference = EB53595D68877A0402E955CF /* Pods-AppStoreCloneTests.release.xcconfig */;
			buildSettings = {
				ALWAYS_EMBED_SWIFT_STANDARD_LIBRARIES = YES;
				BUNDLE_LOADER = "$(TEST_HOST)";
				CODE_SIGN_STYLE = Automatic;
				DEVELOPMENT_TEAM = 9HA5E37TC3;
				INFOPLIST_FILE = AppStoreCloneTests/Info.plist;
				LD_RUNPATH_SEARCH_PATHS = "$(inherited) @executable_path/Frameworks @loader_path/Frameworks";
				PRODUCT_BUNDLE_IDENTIFIER = "com.sy-hash.AppStoreCloneTests";
				PRODUCT_NAME = "$(TARGET_NAME)";
				SWIFT_VERSION = 4.0;
				TARGETED_DEVICE_FAMILY = "1,2";
				TEST_HOST = "$(BUILT_PRODUCTS_DIR)/AppStoreClone.app/AppStoreClone";
			};
			name = Release;
		};
		F42954EF20432C4E0038FB0B /* Debug */ = {
			isa = XCBuildConfiguration;
			baseConfigurationReference = A4BC18F4EB91C71536A99D94 /* Pods-AppStoreCloneUITests.debug.xcconfig */;
			buildSettings = {
				ALWAYS_EMBED_SWIFT_STANDARD_LIBRARIES = YES;
				CODE_SIGN_STYLE = Automatic;
				DEVELOPMENT_TEAM = 9HA5E37TC3;
				INFOPLIST_FILE = AppStoreCloneUITests/Info.plist;
				LD_RUNPATH_SEARCH_PATHS = "$(inherited) @executable_path/Frameworks @loader_path/Frameworks";
				PRODUCT_BUNDLE_IDENTIFIER = "com.sy-hash.AppStoreCloneUITests";
				PRODUCT_NAME = "$(TARGET_NAME)";
				SWIFT_VERSION = 4.0;
				TARGETED_DEVICE_FAMILY = "1,2";
				TEST_TARGET_NAME = AppStoreClone;
			};
			name = Debug;
		};
		F42954F020432C4E0038FB0B /* Release */ = {
			isa = XCBuildConfiguration;
			baseConfigurationReference = D85C25F001A700F65E058861 /* Pods-AppStoreCloneUITests.release.xcconfig */;
			buildSettings = {
				ALWAYS_EMBED_SWIFT_STANDARD_LIBRARIES = YES;
				CODE_SIGN_STYLE = Automatic;
				DEVELOPMENT_TEAM = 9HA5E37TC3;
				INFOPLIST_FILE = AppStoreCloneUITests/Info.plist;
				LD_RUNPATH_SEARCH_PATHS = "$(inherited) @executable_path/Frameworks @loader_path/Frameworks";
				PRODUCT_BUNDLE_IDENTIFIER = "com.sy-hash.AppStoreCloneUITests";
				PRODUCT_NAME = "$(TARGET_NAME)";
				SWIFT_VERSION = 4.0;
				TARGETED_DEVICE_FAMILY = "1,2";
				TEST_TARGET_NAME = AppStoreClone;
			};
			name = Release;
		};
/* End XCBuildConfiguration section */

/* Begin XCConfigurationList section */
		F42954B920432C4E0038FB0B /* Build configuration list for PBXProject "AppStoreClone" */ = {
			isa = XCConfigurationList;
			buildConfigurations = (
				F42954E620432C4E0038FB0B /* Debug */,
				F42954E720432C4E0038FB0B /* Release */,
			);
			defaultConfigurationIsVisible = 0;
			defaultConfigurationName = Release;
		};
		F42954E820432C4E0038FB0B /* Build configuration list for PBXNativeTarget "AppStoreClone" */ = {
			isa = XCConfigurationList;
			buildConfigurations = (
				F42954E920432C4E0038FB0B /* Debug */,
				F42954EA20432C4E0038FB0B /* Release */,
			);
			defaultConfigurationIsVisible = 0;
			defaultConfigurationName = Release;
		};
		F42954EB20432C4E0038FB0B /* Build configuration list for PBXNativeTarget "AppStoreCloneTests" */ = {
			isa = XCConfigurationList;
			buildConfigurations = (
				F42954EC20432C4E0038FB0B /* Debug */,
				F42954ED20432C4E0038FB0B /* Release */,
			);
			defaultConfigurationIsVisible = 0;
			defaultConfigurationName = Release;
		};
		F42954EE20432C4E0038FB0B /* Build configuration list for PBXNativeTarget "AppStoreCloneUITests" */ = {
			isa = XCConfigurationList;
			buildConfigurations = (
				F42954EF20432C4E0038FB0B /* Debug */,
				F42954F020432C4E0038FB0B /* Release */,
			);
			defaultConfigurationIsVisible = 0;
			defaultConfigurationName = Release;
		};
/* End XCConfigurationList section */
	};
	rootObject = F42954B620432C4E0038FB0B /* Project object */;
}
